# This file was autogenerated by Stack.
# You should not edit this file by hand.
# For more information, please see the documentation at:
#   https://docs.haskellstack.org/en/stable/lock_files

packages:
- completed:
    size: 28355
    url: https://github.com/21it/persistent-migration/archive/8d5d50204eec2d3d4bd9bb1f61e79ece2035ff8c.tar.gz
    name: persistent-migration
    version: 0.1.0
    sha256: 27c7ec80766db7818d61652b0c485698063689f070dc68a7da7efb015cfc2e22
    pantry-tree:
      size: 3798
      sha256: a581eccca3ef56f0b8eddc320ba791ef02e86a9d49c036c94af01b85b8968a95
  original:
    url: https://github.com/21it/persistent-migration/archive/8d5d50204eec2d3d4bd9bb1f61e79ece2035ff8c.tar.gz
snapshots:
- completed:
    size: 581696
    url: https://raw.githubusercontent.com/commercialhaskell/stackage-snapshots/master/nightly/2021/9/18.yaml
    sha256: f5184f7aaede1ce0aa29ec8be072f916c3c1b1ba95772cc55cb6e1787fa0ef51
  original: nightly-2021-09-18
